// !$*UTF8*$!
{
	archiveVersion = 1;
	classes = {
	};
	objectVersion = 45;
	objects = {

/* Begin PBXBuildFile section */
		1D3623260D0F684500981E51 /* MongooseTestAppDelegate.m in Sources */ = {isa = PBXBuildFile; fileRef = 1D3623250D0F684500981E51 /* MongooseTestAppDelegate.m */; };
		1D60589B0D05DD56006BFB54 /* main.m in Sources */ = {isa = PBXBuildFile; fileRef = 29B97316FDCFA39411CA2CEA /* main.m */; };
		1D60589F0D05DD5A006BFB54 /* Foundation.framework in Frameworks */ = {isa = PBXBuildFile; fileRef = 1D30AB110D05D00D00671497 /* Foundation.framework */; };
		1DF5F4E00D08C38300B7A737 /* UIKit.framework in Frameworks */ = {isa = PBXBuildFile; fileRef = 1DF5F4DF0D08C38300B7A737 /* UIKit.framework */; };
		280E754D0DD40C5E005A515E /* FlipsideView.xib in Resources */ = {isa = PBXBuildFile; fileRef = 280E754A0DD40C5E005A515E /* FlipsideView.xib */; };
		280E754E0DD40C5E005A515E /* MainView.xib in Resources */ = {isa = PBXBuildFile; fileRef = 280E754B0DD40C5E005A515E /* MainView.xib */; };
		280E754F0DD40C5E005A515E /* MainWindow.xib in Resources */ = {isa = PBXBuildFile; fileRef = 280E754C0DD40C5E005A515E /* MainWindow.xib */; };
		288765590DF743DE002DB57D /* CoreGraphics.framework in Frameworks */ = {isa = PBXBuildFile; fileRef = 288765580DF743DE002DB57D /* CoreGraphics.framework */; };
		289233A60DB2D0840083E9F9 /* FlipsideView.m in Sources */ = {isa = PBXBuildFile; fileRef = 289233A30DB2D0840083E9F9 /* FlipsideView.m */; };
		289233A70DB2D0840083E9F9 /* MainView.m in Sources */ = {isa = PBXBuildFile; fileRef = 289233A50DB2D0840083E9F9 /* MainView.m */; };
		289233AE0DB2D0DB0083E9F9 /* MainViewController.m in Sources */ = {isa = PBXBuildFile; fileRef = 289233A90DB2D0DB0083E9F9 /* MainViewController.m */; };
		289233B00DB2D0DB0083E9F9 /* FlipsideViewController.m in Sources */ = {isa = PBXBuildFile; fileRef = 289233AD0DB2D0DB0083E9F9 /* FlipsideViewController.m */; };
		3854A1851121883C00F9B13F /* TIMongooseResponse.m in Sources */ = {isa = PBXBuildFile; fileRef = 3854A1841121883C00F9B13F /* TIMongooseResponse.m */; };
		3854A1ED1121924D00F9B13F /* kitteh.jpg in Resources */ = {isa = PBXBuildFile; fileRef = 3854A1EC1121924D00F9B13F /* kitteh.jpg */; };
		385E51CD1122EC2B005CE937 /* TIMongooseDataProvider.m in Sources */ = {isa = PBXBuildFile; fileRef = 385E51CC1122EC2B005CE937 /* TIMongooseDataProvider.m */; };
		385E51F41122F0F8005CE937 /* MyMongooseDataProvider.m in Sources */ = {isa = PBXBuildFile; fileRef = 385E51F31122F0F8005CE937 /* MyMongooseDataProvider.m */; };
		3861686011746F46002D8045 /* cert.pem in Resources */ = {isa = PBXBuildFile; fileRef = 3861685F11746F46002D8045 /* cert.pem */; };
		386168961174734C002D8045 /* Security.framework in Frameworks */ = {isa = PBXBuildFile; fileRef = 386168951174734C002D8045 /* Security.framework */; };
		386168FA1174765D002D8045 /* libcrypto_arm.a in Frameworks */ = {isa = PBXBuildFile; fileRef = 386168F81174765D002D8045 /* libcrypto_arm.a */; };
		386168FB1174765D002D8045 /* libssl_arm.a in Frameworks */ = {isa = PBXBuildFile; fileRef = 386168F91174765D002D8045 /* libssl_arm.a */; };
		386F4D9A11282B0B00FE8796 /* index.htm in Resources */ = {isa = PBXBuildFile; fileRef = 386F4D9911282B0B00FE8796 /* index.htm */; };
		386F4D9D11282B2300FE8796 /* TIMongooseFileBasedDataProvider.m in Sources */ = {isa = PBXBuildFile; fileRef = 386F4D9C11282B2300FE8796 /* TIMongooseFileBasedDataProvider.m */; };
		386F4DF21128486D00FE8796 /* mongoo.jpg in Resources */ = {isa = PBXBuildFile; fileRef = 386F4DF11128486D00FE8796 /* mongoo.jpg */; };
		38C3CC301105D000007D72FD /* mongoose.c in Sources */ = {isa = PBXBuildFile; fileRef = 38C3CC2E1105D000007D72FD /* mongoose.c */; };
		38C3CC381105D0EB007D72FD /* TIMongooseEngine.m in Sources */ = {isa = PBXBuildFile; fileRef = 38C3CC371105D0EB007D72FD /* TIMongooseEngine.m */; };
		38C3CD4C1105EC08007D72FD /* TIMongooseOperation.m in Sources */ = {isa = PBXBuildFile; fileRef = 38C3CD4B1105EC08007D72FD /* TIMongooseOperation.m */; };
		38E5238E111C8F2B009052A0 /* TIMongooseRequest.m in Sources */ = {isa = PBXBuildFile; fileRef = 38E5238D111C8F2B009052A0 /* TIMongooseRequest.m */; };
		38E70727112476DD00346F65 /* NSString+TIMongooseAdditions.m in Sources */ = {isa = PBXBuildFile; fileRef = 38E70726112476DD00346F65 /* NSString+TIMongooseAdditions.m */; };
/* End PBXBuildFile section */

/* Begin PBXFileReference section */
		1D30AB110D05D00D00671497 /* Foundation.framework */ = {isa = PBXFileReference; lastKnownFileType = wrapper.framework; name = Foundation.framework; path = System/Library/Frameworks/Foundation.framework; sourceTree = SDKROOT; };
		1D3623240D0F684500981E51 /* MongooseTestAppDelegate.h */ = {isa = PBXFileReference; fileEncoding = 4; lastKnownFileType = sourcecode.c.h; path = MongooseTestAppDelegate.h; sourceTree = "<group>"; };
		1D3623250D0F684500981E51 /* MongooseTestAppDelegate.m */ = {isa = PBXFileReference; fileEncoding = 4; lastKnownFileType = sourcecode.c.objc; path = MongooseTestAppDelegate.m; sourceTree = "<group>"; };
		1D6058910D05DD3D006BFB54 /* MongooseTest.app */ = {isa = PBXFileReference; explicitFileType = wrapper.application; includeInIndex = 0; path = MongooseTest.app; sourceTree = BUILT_PRODUCTS_DIR; };
		1DF5F4DF0D08C38300B7A737 /* UIKit.framework */ = {isa = PBXFileReference; lastKnownFileType = wrapper.framework; name = UIKit.framework; path = System/Library/Frameworks/UIKit.framework; sourceTree = SDKROOT; };
		280E754A0DD40C5E005A515E /* FlipsideView.xib */ = {isa = PBXFileReference; lastKnownFileType = file.xib; path = FlipsideView.xib; sourceTree = "<group>"; };
		280E754B0DD40C5E005A515E /* MainView.xib */ = {isa = PBXFileReference; lastKnownFileType = file.xib; path = MainView.xib; sourceTree = "<group>"; };
		280E754C0DD40C5E005A515E /* MainWindow.xib */ = {isa = PBXFileReference; lastKnownFileType = file.xib; path = MainWindow.xib; sourceTree = "<group>"; };
		288765580DF743DE002DB57D /* CoreGraphics.framework */ = {isa = PBXFileReference; lastKnownFileType = wrapper.framework; name = CoreGraphics.framework; path = System/Library/Frameworks/CoreGraphics.framework; sourceTree = SDKROOT; };
		289233A20DB2D0840083E9F9 /* FlipsideView.h */ = {isa = PBXFileReference; fileEncoding = 4; lastKnownFileType = sourcecode.c.h; name = FlipsideView.h; path = Classes/FlipsideView.h; sourceTree = "<group>"; };
		289233A30DB2D0840083E9F9 /* FlipsideView.m */ = {isa = PBXFileReference; fileEncoding = 4; lastKnownFileType = sourcecode.c.objc; name = FlipsideView.m; path = Classes/FlipsideView.m; sourceTree = "<group>"; };
		289233A40DB2D0840083E9F9 /* MainView.h */ = {isa = PBXFileReference; fileEncoding = 4; lastKnownFileType = sourcecode.c.h; name = MainView.h; path = Classes/MainView.h; sourceTree = "<group>"; };
		289233A50DB2D0840083E9F9 /* MainView.m */ = {isa = PBXFileReference; fileEncoding = 4; lastKnownFileType = sourcecode.c.objc; name = MainView.m; path = Classes/MainView.m; sourceTree = "<group>"; };
		289233A80DB2D0DB0083E9F9 /* MainViewController.h */ = {isa = PBXFileReference; fileEncoding = 4; lastKnownFileType = sourcecode.c.h; name = MainViewController.h; path = Classes/MainViewController.h; sourceTree = "<group>"; };
		289233A90DB2D0DB0083E9F9 /* MainViewController.m */ = {isa = PBXFileReference; fileEncoding = 4; lastKnownFileType = sourcecode.c.objc; name = MainViewController.m; path = Classes/MainViewController.m; sourceTree = "<group>"; };
		289233AC0DB2D0DB0083E9F9 /* FlipsideViewController.h */ = {isa = PBXFileReference; fileEncoding = 4; lastKnownFileType = sourcecode.c.h; name = FlipsideViewController.h; path = Classes/FlipsideViewController.h; sourceTree = "<group>"; };
		289233AD0DB2D0DB0083E9F9 /* FlipsideViewController.m */ = {isa = PBXFileReference; fileEncoding = 4; lastKnownFileType = sourcecode.c.objc; name = FlipsideViewController.m; path = Classes/FlipsideViewController.m; sourceTree = "<group>"; };
		29B97316FDCFA39411CA2CEA /* main.m */ = {isa = PBXFileReference; fileEncoding = 4; lastKnownFileType = sourcecode.c.objc; path = main.m; sourceTree = "<group>"; };
		32CA4F630368D1EE00C91783 /* MongooseTest_Prefix.pch */ = {isa = PBXFileReference; fileEncoding = 4; lastKnownFileType = sourcecode.c.h; path = MongooseTest_Prefix.pch; sourceTree = "<group>"; };
		3825B34F11748FB70062408D /* README.markdown */ = {isa = PBXFileReference; fileEncoding = 4; lastKnownFileType = text; path = README.markdown; sourceTree = "<group>"; };
		3854A1831121883C00F9B13F /* TIMongooseResponse.h */ = {isa = PBXFileReference; fileEncoding = 4; lastKnownFileType = sourcecode.c.h; path = TIMongooseResponse.h; sourceTree = "<group>"; };
		3854A1841121883C00F9B13F /* TIMongooseResponse.m */ = {isa = PBXFileReference; fileEncoding = 4; lastKnownFileType = sourcecode.c.objc; path = TIMongooseResponse.m; sourceTree = "<group>"; };
		3854A1EC1121924D00F9B13F /* kitteh.jpg */ = {isa = PBXFileReference; lastKnownFileType = image.jpeg; path = kitteh.jpg; sourceTree = "<group>"; };
		385E51CB1122EC2B005CE937 /* TIMongooseDataProvider.h */ = {isa = PBXFileReference; fileEncoding = 4; lastKnownFileType = sourcecode.c.h; path = TIMongooseDataProvider.h; sourceTree = "<group>"; };
		385E51CC1122EC2B005CE937 /* TIMongooseDataProvider.m */ = {isa = PBXFileReference; fileEncoding = 4; lastKnownFileType = sourcecode.c.objc; path = TIMongooseDataProvider.m; sourceTree = "<group>"; };
		385E51F21122F0F8005CE937 /* MyMongooseDataProvider.h */ = {isa = PBXFileReference; fileEncoding = 4; lastKnownFileType = sourcecode.c.h; name = MyMongooseDataProvider.h; path = Classes/MyMongooseDataProvider.h; sourceTree = "<group>"; };
		385E51F31122F0F8005CE937 /* MyMongooseDataProvider.m */ = {isa = PBXFileReference; fileEncoding = 4; lastKnownFileType = sourcecode.c.objc; name = MyMongooseDataProvider.m; path = Classes/MyMongooseDataProvider.m; sourceTree = "<group>"; };
		3861685F11746F46002D8045 /* cert.pem */ = {isa = PBXFileReference; fileEncoding = 4; lastKnownFileType = text; path = cert.pem; sourceTree = "<group>"; };
		386168951174734C002D8045 /* Security.framework */ = {isa = PBXFileReference; lastKnownFileType = wrapper.framework; name = Security.framework; path = System/Library/Frameworks/Security.framework; sourceTree = SDKROOT; };
		386168F81174765D002D8045 /* libcrypto_arm.a */ = {isa = PBXFileReference; lastKnownFileType = archive.ar; path = libcrypto_arm.a; sourceTree = "<group>"; };
		386168F91174765D002D8045 /* libssl_arm.a */ = {isa = PBXFileReference; lastKnownFileType = archive.ar; path = libssl_arm.a; sourceTree = "<group>"; };
		386169411174790F002D8045 /* aes.h */ = {isa = PBXFileReference; fileEncoding = 4; lastKnownFileType = sourcecode.c.h; path = aes.h; sourceTree = "<group>"; };
		386169421174790F002D8045 /* asn1.h */ = {isa = PBXFileReference; fileEncoding = 4; lastKnownFileType = sourcecode.c.h; path = asn1.h; sourceTree = "<group>"; };
		386169431174790F002D8045 /* asn1_mac.h */ = {isa = PBXFileReference; fileEncoding = 4; lastKnownFileType = sourcecode.c.h; path = asn1_mac.h; sourceTree = "<group>"; };
		386169441174790F002D8045 /* asn1t.h */ = {isa = PBXFileReference; fileEncoding = 4; lastKnownFileType = sourcecode.c.h; path = asn1t.h; sourceTree = "<group>"; };
		386169451174790F002D8045 /* bio.h */ = {isa = PBXFileReference; fileEncoding = 4; lastKnownFileType = sourcecode.c.h; path = bio.h; sourceTree = "<group>"; };
		386169461174790F002D8045 /* blowfish.h */ = {isa = PBXFileReference; fileEncoding = 4; lastKnownFileType = sourcecode.c.h; path = blowfish.h; sourceTree = "<group>"; };
		386169471174790F002D8045 /* bn.h */ = {isa = PBXFileReference; fileEncoding = 4; lastKnownFileType = sourcecode.c.h; path = bn.h; sourceTree = "<group>"; };
		386169481174790F002D8045 /* buffer.h */ = {isa = PBXFileReference; fileEncoding = 4; lastKnownFileType = sourcecode.c.h; path = buffer.h; sourceTree = "<group>"; };
		386169491174790F002D8045 /* cast.h */ = {isa = PBXFileReference; fileEncoding = 4; lastKnownFileType = sourcecode.c.h; path = cast.h; sourceTree = "<group>"; };
		3861694A1174790F002D8045 /* comp.h */ = {isa = PBXFileReference; fileEncoding = 4; lastKnownFileType = sourcecode.c.h; path = comp.h; sourceTree = "<group>"; };
		3861694B1174790F002D8045 /* conf.h */ = {isa = PBXFileReference; fileEncoding = 4; lastKnownFileType = sourcecode.c.h; path = conf.h; sourceTree = "<group>"; };
		3861694C1174790F002D8045 /* conf_api.h */ = {isa = PBXFileReference; fileEncoding = 4; lastKnownFileType = sourcecode.c.h; path = conf_api.h; sourceTree = "<group>"; };
		3861694D1174790F002D8045 /* crypto.h */ = {isa = PBXFileReference; fileEncoding = 4; lastKnownFileType = sourcecode.c.h; path = crypto.h; sourceTree = "<group>"; };
		3861694E1174790F002D8045 /* des.h */ = {isa = PBXFileReference; fileEncoding = 4; lastKnownFileType = sourcecode.c.h; path = des.h; sourceTree = "<group>"; };
		3861694F1174790F002D8045 /* des_old.h */ = {isa = PBXFileReference; fileEncoding = 4; lastKnownFileType = sourcecode.c.h; path = des_old.h; sourceTree = "<group>"; };
		386169501174790F002D8045 /* dh.h */ = {isa = PBXFileReference; fileEncoding = 4; lastKnownFileType = sourcecode.c.h; path = dh.h; sourceTree = "<group>"; };
		386169511174790F002D8045 /* dsa.h */ = {isa = PBXFileReference; fileEncoding = 4; lastKnownFileType = sourcecode.c.h; path = dsa.h; sourceTree = "<group>"; };
		386169521174790F002D8045 /* dso.h */ = {isa = PBXFileReference; fileEncoding = 4; lastKnownFileType = sourcecode.c.h; path = dso.h; sourceTree = "<group>"; };
		386169531174790F002D8045 /* dtls1.h */ = {isa = PBXFileReference; fileEncoding = 4; lastKnownFileType = sourcecode.c.h; path = dtls1.h; sourceTree = "<group>"; };
		386169541174790F002D8045 /* e_os2.h */ = {isa = PBXFileReference; fileEncoding = 4; lastKnownFileType = sourcecode.c.h; path = e_os2.h; sourceTree = "<group>"; };
		386169551174790F002D8045 /* ebcdic.h */ = {isa = PBXFileReference; fileEncoding = 4; lastKnownFileType = sourcecode.c.h; path = ebcdic.h; sourceTree = "<group>"; };
		386169561174790F002D8045 /* ec.h */ = {isa = PBXFileReference; fileEncoding = 4; lastKnownFileType = sourcecode.c.h; path = ec.h; sourceTree = "<group>"; };
		386169571174790F002D8045 /* ecdh.h */ = {isa = PBXFileReference; fileEncoding = 4; lastKnownFileType = sourcecode.c.h; path = ecdh.h; sourceTree = "<group>"; };
		386169581174790F002D8045 /* ecdsa.h */ = {isa = PBXFileReference; fileEncoding = 4; lastKnownFileType = sourcecode.c.h; path = ecdsa.h; sourceTree = "<group>"; };
		386169591174790F002D8045 /* engine.h */ = {isa = PBXFileReference; fileEncoding = 4; lastKnownFileType = sourcecode.c.h; path = engine.h; sourceTree = "<group>"; };
		3861695A1174790F002D8045 /* err.h */ = {isa = PBXFileReference; fileEncoding = 4; lastKnownFileType = sourcecode.c.h; path = err.h; sourceTree = "<group>"; };
		3861695B1174790F002D8045 /* evp.h */ = {isa = PBXFileReference; fileEncoding = 4; lastKnownFileType = sourcecode.c.h; path = evp.h; sourceTree = "<group>"; };
		3861695C1174790F002D8045 /* fips.h */ = {isa = PBXFileReference; fileEncoding = 4; lastKnownFileType = sourcecode.c.h; path = fips.h; sourceTree = "<group>"; };
		3861695D1174790F002D8045 /* fips_rand.h */ = {isa = PBXFileReference; fileEncoding = 4; lastKnownFileType = sourcecode.c.h; path = fips_rand.h; sourceTree = "<group>"; };
		3861695E1174790F002D8045 /* hmac.h */ = {isa = PBXFileReference; fileEncoding = 4; lastKnownFileType = sourcecode.c.h; path = hmac.h; sourceTree = "<group>"; };
		3861695F1174790F002D8045 /* idea.h */ = {isa = PBXFileReference; fileEncoding = 4; lastKnownFileType = sourcecode.c.h; path = idea.h; sourceTree = "<group>"; };
		386169601174790F002D8045 /* krb5_asn.h */ = {isa = PBXFileReference; fileEncoding = 4; lastKnownFileType = sourcecode.c.h; path = krb5_asn.h; sourceTree = "<group>"; };
		386169611174790F002D8045 /* kssl.h */ = {isa = PBXFileReference; fileEncoding = 4; lastKnownFileType = sourcecode.c.h; path = kssl.h; sourceTree = "<group>"; };
		386169621174790F002D8045 /* lhash.h */ = {isa = PBXFileReference; fileEncoding = 4; lastKnownFileType = sourcecode.c.h; path = lhash.h; sourceTree = "<group>"; };
		386169631174790F002D8045 /* md2.h */ = {isa = PBXFileReference; fileEncoding = 4; lastKnownFileType = sourcecode.c.h; path = md2.h; sourceTree = "<group>"; };
		386169641174790F002D8045 /* md4.h */ = {isa = PBXFileReference; fileEncoding = 4; lastKnownFileType = sourcecode.c.h; path = md4.h; sourceTree = "<group>"; };
		386169651174790F002D8045 /* md5.h */ = {isa = PBXFileReference; fileEncoding = 4; lastKnownFileType = sourcecode.c.h; path = md5.h; sourceTree = "<group>"; };
		386169661174790F002D8045 /* obj_mac.h */ = {isa = PBXFileReference; fileEncoding = 4; lastKnownFileType = sourcecode.c.h; path = obj_mac.h; sourceTree = "<group>"; };
		386169671174790F002D8045 /* objects.h */ = {isa = PBXFileReference; fileEncoding = 4; lastKnownFileType = sourcecode.c.h; path = objects.h; sourceTree = "<group>"; };
		386169681174790F002D8045 /* ocsp.h */ = {isa = PBXFileReference; fileEncoding = 4; lastKnownFileType = sourcecode.c.h; path = ocsp.h; sourceTree = "<group>"; };
		386169691174790F002D8045 /* opensslconf.h */ = {isa = PBXFileReference; fileEncoding = 4; lastKnownFileType = sourcecode.c.h; path = opensslconf.h; sourceTree = "<group>"; };
		3861696A1174790F002D8045 /* opensslv.h */ = {isa = PBXFileReference; fileEncoding = 4; lastKnownFileType = sourcecode.c.h; path = opensslv.h; sourceTree = "<group>"; };
		3861696B1174790F002D8045 /* ossl_typ.h */ = {isa = PBXFileReference; fileEncoding = 4; lastKnownFileType = sourcecode.c.h; path = ossl_typ.h; sourceTree = "<group>"; };
		3861696C1174790F002D8045 /* pem.h */ = {isa = PBXFileReference; fileEncoding = 4; lastKnownFileType = sourcecode.c.h; path = pem.h; sourceTree = "<group>"; };
		3861696D1174790F002D8045 /* pem2.h */ = {isa = PBXFileReference; fileEncoding = 4; lastKnownFileType = sourcecode.c.h; path = pem2.h; sourceTree = "<group>"; };
		3861696E1174790F002D8045 /* pkcs12.h */ = {isa = PBXFileReference; fileEncoding = 4; lastKnownFileType = sourcecode.c.h; path = pkcs12.h; sourceTree = "<group>"; };
		3861696F1174790F002D8045 /* pkcs7.h */ = {isa = PBXFileReference; fileEncoding = 4; lastKnownFileType = sourcecode.c.h; path = pkcs7.h; sourceTree = "<group>"; };
		386169701174790F002D8045 /* pq_compat.h */ = {isa = PBXFileReference; fileEncoding = 4; lastKnownFileType = sourcecode.c.h; path = pq_compat.h; sourceTree = "<group>"; };
		386169711174790F002D8045 /* pqueue.h */ = {isa = PBXFileReference; fileEncoding = 4; lastKnownFileType = sourcecode.c.h; path = pqueue.h; sourceTree = "<group>"; };
		386169721174790F002D8045 /* rand.h */ = {isa = PBXFileReference; fileEncoding = 4; lastKnownFileType = sourcecode.c.h; path = rand.h; sourceTree = "<group>"; };
		386169731174790F002D8045 /* rc2.h */ = {isa = PBXFileReference; fileEncoding = 4; lastKnownFileType = sourcecode.c.h; path = rc2.h; sourceTree = "<group>"; };
		386169741174790F002D8045 /* rc4.h */ = {isa = PBXFileReference; fileEncoding = 4; lastKnownFileType = sourcecode.c.h; path = rc4.h; sourceTree = "<group>"; };
		386169751174790F002D8045 /* ripemd.h */ = {isa = PBXFileReference; fileEncoding = 4; lastKnownFileType = sourcecode.c.h; path = ripemd.h; sourceTree = "<group>"; };
		386169761174790F002D8045 /* rsa.h */ = {isa = PBXFileReference; fileEncoding = 4; lastKnownFileType = sourcecode.c.h; path = rsa.h; sourceTree = "<group>"; };
		386169771174790F002D8045 /* safestack.h */ = {isa = PBXFileReference; fileEncoding = 4; lastKnownFileType = sourcecode.c.h; path = safestack.h; sourceTree = "<group>"; };
		386169781174790F002D8045 /* sha.h */ = {isa = PBXFileReference; fileEncoding = 4; lastKnownFileType = sourcecode.c.h; path = sha.h; sourceTree = "<group>"; };
		386169791174790F002D8045 /* ssl.h */ = {isa = PBXFileReference; fileEncoding = 4; lastKnownFileType = sourcecode.c.h; path = ssl.h; sourceTree = "<group>"; };
		3861697A1174790F002D8045 /* ssl2.h */ = {isa = PBXFileReference; fileEncoding = 4; lastKnownFileType = sourcecode.c.h; path = ssl2.h; sourceTree = "<group>"; };
		3861697B1174790F002D8045 /* ssl23.h */ = {isa = PBXFileReference; fileEncoding = 4; lastKnownFileType = sourcecode.c.h; path = ssl23.h; sourceTree = "<group>"; };
		3861697C1174790F002D8045 /* ssl3.h */ = {isa = PBXFileReference; fileEncoding = 4; lastKnownFileType = sourcecode.c.h; path = ssl3.h; sourceTree = "<group>"; };
		3861697D1174790F002D8045 /* stack.h */ = {isa = PBXFileReference; fileEncoding = 4; lastKnownFileType = sourcecode.c.h; path = stack.h; sourceTree = "<group>"; };
		3861697E1174790F002D8045 /* store.h */ = {isa = PBXFileReference; fileEncoding = 4; lastKnownFileType = sourcecode.c.h; path = store.h; sourceTree = "<group>"; };
		3861697F1174790F002D8045 /* symhacks.h */ = {isa = PBXFileReference; fileEncoding = 4; lastKnownFileType = sourcecode.c.h; path = symhacks.h; sourceTree = "<group>"; };
		386169801174790F002D8045 /* tls1.h */ = {isa = PBXFileReference; fileEncoding = 4; lastKnownFileType = sourcecode.c.h; path = tls1.h; sourceTree = "<group>"; };
		386169811174790F002D8045 /* tmdiff.h */ = {isa = PBXFileReference; fileEncoding = 4; lastKnownFileType = sourcecode.c.h; path = tmdiff.h; sourceTree = "<group>"; };
		386169821174790F002D8045 /* txt_db.h */ = {isa = PBXFileReference; fileEncoding = 4; lastKnownFileType = sourcecode.c.h; path = txt_db.h; sourceTree = "<group>"; };
		386169831174790F002D8045 /* ui.h */ = {isa = PBXFileReference; fileEncoding = 4; lastKnownFileType = sourcecode.c.h; path = ui.h; sourceTree = "<group>"; };
		386169841174790F002D8045 /* ui_compat.h */ = {isa = PBXFileReference; fileEncoding = 4; lastKnownFileType = sourcecode.c.h; path = ui_compat.h; sourceTree = "<group>"; };
		386169851174790F002D8045 /* x509.h */ = {isa = PBXFileReference; fileEncoding = 4; lastKnownFileType = sourcecode.c.h; path = x509.h; sourceTree = "<group>"; };
		386169861174790F002D8045 /* x509_vfy.h */ = {isa = PBXFileReference; fileEncoding = 4; lastKnownFileType = sourcecode.c.h; path = x509_vfy.h; sourceTree = "<group>"; };
		386169871174790F002D8045 /* x509v3.h */ = {isa = PBXFileReference; fileEncoding = 4; lastKnownFileType = sourcecode.c.h; path = x509v3.h; sourceTree = "<group>"; };
		386F4D9911282B0B00FE8796 /* index.htm */ = {isa = PBXFileReference; fileEncoding = 4; lastKnownFileType = text.html; path = index.htm; sourceTree = "<group>"; };
		386F4D9B11282B2300FE8796 /* TIMongooseFileBasedDataProvider.h */ = {isa = PBXFileReference; fileEncoding = 4; lastKnownFileType = sourcecode.c.h; path = TIMongooseFileBasedDataProvider.h; sourceTree = "<group>"; };
		386F4D9C11282B2300FE8796 /* TIMongooseFileBasedDataProvider.m */ = {isa = PBXFileReference; fileEncoding = 4; lastKnownFileType = sourcecode.c.objc; path = TIMongooseFileBasedDataProvider.m; sourceTree = "<group>"; };
		386F4DE4112832F800FE8796 /* LICENSE */ = {isa = PBXFileReference; fileEncoding = 4; lastKnownFileType = text; name = LICENSE; path = ../LICENSE; sourceTree = "<group>"; };
		386F4DF11128486D00FE8796 /* mongoo.jpg */ = {isa = PBXFileReference; lastKnownFileType = image.jpeg; path = mongoo.jpg; sourceTree = "<group>"; };
		38C3CC2E1105D000007D72FD /* mongoose.c */ = {isa = PBXFileReference; fileEncoding = 4; lastKnownFileType = sourcecode.c.c; path = mongoose.c; sourceTree = "<group>"; };
		38C3CC2F1105D000007D72FD /* mongoose.h */ = {isa = PBXFileReference; fileEncoding = 4; lastKnownFileType = sourcecode.c.h; path = mongoose.h; sourceTree = "<group>"; };
		38C3CC361105D0EB007D72FD /* TIMongooseEngine.h */ = {isa = PBXFileReference; fileEncoding = 4; lastKnownFileType = sourcecode.c.h; path = TIMongooseEngine.h; sourceTree = "<group>"; };
		38C3CC371105D0EB007D72FD /* TIMongooseEngine.m */ = {isa = PBXFileReference; fileEncoding = 4; lastKnownFileType = sourcecode.c.objc; path = TIMongooseEngine.m; sourceTree = "<group>"; };
		38C3CD4A1105EC08007D72FD /* TIMongooseOperation.h */ = {isa = PBXFileReference; fileEncoding = 4; lastKnownFileType = sourcecode.c.h; path = TIMongooseOperation.h; sourceTree = "<group>"; };
		38C3CD4B1105EC08007D72FD /* TIMongooseOperation.m */ = {isa = PBXFileReference; fileEncoding = 4; lastKnownFileType = sourcecode.c.objc; path = TIMongooseOperation.m; sourceTree = "<group>"; };
		38E5238C111C8F2B009052A0 /* TIMongooseRequest.h */ = {isa = PBXFileReference; fileEncoding = 4; lastKnownFileType = sourcecode.c.h; path = TIMongooseRequest.h; sourceTree = "<group>"; };
		38E5238D111C8F2B009052A0 /* TIMongooseRequest.m */ = {isa = PBXFileReference; fileEncoding = 4; lastKnownFileType = sourcecode.c.objc; path = TIMongooseRequest.m; sourceTree = "<group>"; };
		38E5246F111CA53F009052A0 /* TIMongooseBasicDataProviderMethods.h */ = {isa = PBXFileReference; fileEncoding = 4; lastKnownFileType = sourcecode.c.h; path = TIMongooseBasicDataProviderMethods.h; sourceTree = "<group>"; };
		38E70725112476DD00346F65 /* NSString+TIMongooseAdditions.h */ = {isa = PBXFileReference; fileEncoding = 4; lastKnownFileType = sourcecode.c.h; path = "NSString+TIMongooseAdditions.h"; sourceTree = "<group>"; };
		38E70726112476DD00346F65 /* NSString+TIMongooseAdditions.m */ = {isa = PBXFileReference; fileEncoding = 4; lastKnownFileType = sourcecode.c.objc; path = "NSString+TIMongooseAdditions.m"; sourceTree = "<group>"; };
		38F6CB8B113190AA006F59DE /* TIMongoose.h */ = {isa = PBXFileReference; fileEncoding = 4; lastKnownFileType = sourcecode.c.h; path = TIMongoose.h; sourceTree = "<group>"; };
		8D1107310486CEB800E47090 /* MongooseTest-Info.plist */ = {isa = PBXFileReference; fileEncoding = 4; lastKnownFileType = text.plist.xml; path = "MongooseTest-Info.plist"; plistStructureDefinitionIdentifier = "com.apple.xcode.plist.structure-definition.iphone.info-plist"; sourceTree = "<group>"; };
/* End PBXFileReference section */

/* Begin PBXFrameworksBuildPhase section */
		1D60588F0D05DD3D006BFB54 /* Frameworks */ = {
			isa = PBXFrameworksBuildPhase;
			buildActionMask = 2147483647;
			files = (
				1D60589F0D05DD5A006BFB54 /* Foundation.framework in Frameworks */,
				1DF5F4E00D08C38300B7A737 /* UIKit.framework in Frameworks */,
				288765590DF743DE002DB57D /* CoreGraphics.framework in Frameworks */,
				386168961174734C002D8045 /* Security.framework in Frameworks */,
				386168FA1174765D002D8045 /* libcrypto_arm.a in Frameworks */,
				386168FB1174765D002D8045 /* libssl_arm.a in Frameworks */,
			);
			runOnlyForDeploymentPostprocessing = 0;
		};
/* End PBXFrameworksBuildPhase section */

/* Begin PBXGroup section */
		080E96DDFE201D6D7F000001 /* Application Delegate */ = {
			isa = PBXGroup;
			children = (
				1D3623240D0F684500981E51 /* MongooseTestAppDelegate.h */,
				1D3623250D0F684500981E51 /* MongooseTestAppDelegate.m */,
			);
			name = "Application Delegate";
			path = Classes;
			sourceTree = "<group>";
		};
		19C28FACFE9D520D11CA2CBB /* Products */ = {
			isa = PBXGroup;
			children = (
				1D6058910D05DD3D006BFB54 /* MongooseTest.app */,
			);
			name = Products;
			sourceTree = "<group>";
		};
		281C6CD70DB2D82200F60ACC /* Flipside View */ = {
			isa = PBXGroup;
			children = (
				289233A20DB2D0840083E9F9 /* FlipsideView.h */,
				289233A30DB2D0840083E9F9 /* FlipsideView.m */,
				289233AC0DB2D0DB0083E9F9 /* FlipsideViewController.h */,
				289233AD0DB2D0DB0083E9F9 /* FlipsideViewController.m */,
			);
			name = "Flipside View";
			sourceTree = "<group>";
		};
		289233A00DB2D0730083E9F9 /* Main View */ = {
			isa = PBXGroup;
			children = (
				289233A40DB2D0840083E9F9 /* MainView.h */,
				289233A50DB2D0840083E9F9 /* MainView.m */,
				289233A80DB2D0DB0083E9F9 /* MainViewController.h */,
				289233A90DB2D0DB0083E9F9 /* MainViewController.m */,
				385E51F21122F0F8005CE937 /* MyMongooseDataProvider.h */,
				385E51F31122F0F8005CE937 /* MyMongooseDataProvider.m */,
			);
			name = "Main View";
			sourceTree = "<group>";
		};
		29B97314FDCFA39411CA2CEA /* CustomTemplate */ = {
			isa = PBXGroup;
			children = (
				38C3CC261105CFF1007D72FD /* TIMongoose */,
				289233A00DB2D0730083E9F9 /* Main View */,
				281C6CD70DB2D82200F60ACC /* Flipside View */,
				080E96DDFE201D6D7F000001 /* Application Delegate */,
				29B97315FDCFA39411CA2CEA /* Other Sources */,
				29B97317FDCFA39411CA2CEA /* Resources */,
				29B97323FDCFA39411CA2CEA /* Frameworks */,
				19C28FACFE9D520D11CA2CBB /* Products */,
			);
			name = CustomTemplate;
			sourceTree = "<group>";
		};
		29B97315FDCFA39411CA2CEA /* Other Sources */ = {
			isa = PBXGroup;
			children = (
				32CA4F630368D1EE00C91783 /* MongooseTest_Prefix.pch */,
				29B97316FDCFA39411CA2CEA /* main.m */,
			);
			name = "Other Sources";
			sourceTree = "<group>";
		};
		29B97317FDCFA39411CA2CEA /* Resources */ = {
			isa = PBXGroup;
			children = (
				3861685F11746F46002D8045 /* cert.pem */,
				386F4DF11128486D00FE8796 /* mongoo.jpg */,
				386F4D9911282B0B00FE8796 /* index.htm */,
				3854A1EC1121924D00F9B13F /* kitteh.jpg */,
				280E754A0DD40C5E005A515E /* FlipsideView.xib */,
				280E754B0DD40C5E005A515E /* MainView.xib */,
				280E754C0DD40C5E005A515E /* MainWindow.xib */,
				8D1107310486CEB800E47090 /* MongooseTest-Info.plist */,
			);
			name = Resources;
			sourceTree = "<group>";
		};
		29B97323FDCFA39411CA2CEA /* Frameworks */ = {
			isa = PBXGroup;
			children = (
				386168F81174765D002D8045 /* libcrypto_arm.a */,
				386168F91174765D002D8045 /* libssl_arm.a */,
				386168951174734C002D8045 /* Security.framework */,
				1DF5F4DF0D08C38300B7A737 /* UIKit.framework */,
				1D30AB110D05D00D00671497 /* Foundation.framework */,
				288765580DF743DE002DB57D /* CoreGraphics.framework */,
			);
			name = Frameworks;
			sourceTree = "<group>";
		};
		386169401174790F002D8045 /* openssl */ = {
			isa = PBXGroup;
			children = (
				386169411174790F002D8045 /* aes.h */,
				386169421174790F002D8045 /* asn1.h */,
				386169431174790F002D8045 /* asn1_mac.h */,
				386169441174790F002D8045 /* asn1t.h */,
				386169451174790F002D8045 /* bio.h */,
				386169461174790F002D8045 /* blowfish.h */,
				386169471174790F002D8045 /* bn.h */,
				386169481174790F002D8045 /* buffer.h */,
				386169491174790F002D8045 /* cast.h */,
				3861694A1174790F002D8045 /* comp.h */,
				3861694B1174790F002D8045 /* conf.h */,
				3861694C1174790F002D8045 /* conf_api.h */,
				3861694D1174790F002D8045 /* crypto.h */,
				3861694E1174790F002D8045 /* des.h */,
				3861694F1174790F002D8045 /* des_old.h */,
				386169501174790F002D8045 /* dh.h */,
				386169511174790F002D8045 /* dsa.h */,
				386169521174790F002D8045 /* dso.h */,
				386169531174790F002D8045 /* dtls1.h */,
				386169541174790F002D8045 /* e_os2.h */,
				386169551174790F002D8045 /* ebcdic.h */,
				386169561174790F002D8045 /* ec.h */,
				386169571174790F002D8045 /* ecdh.h */,
				386169581174790F002D8045 /* ecdsa.h */,
				386169591174790F002D8045 /* engine.h */,
				3861695A1174790F002D8045 /* err.h */,
				3861695B1174790F002D8045 /* evp.h */,
				3861695C1174790F002D8045 /* fips.h */,
				3861695D1174790F002D8045 /* fips_rand.h */,
				3861695E1174790F002D8045 /* hmac.h */,
				3861695F1174790F002D8045 /* idea.h */,
				386169601174790F002D8045 /* krb5_asn.h */,
				386169611174790F002D8045 /* kssl.h */,
				386169621174790F002D8045 /* lhash.h */,
				386169631174790F002D8045 /* md2.h */,
				386169641174790F002D8045 /* md4.h */,
				386169651174790F002D8045 /* md5.h */,
				386169661174790F002D8045 /* obj_mac.h */,
				386169671174790F002D8045 /* objects.h */,
				386169681174790F002D8045 /* ocsp.h */,
				386169691174790F002D8045 /* opensslconf.h */,
				3861696A1174790F002D8045 /* opensslv.h */,
				3861696B1174790F002D8045 /* ossl_typ.h */,
				3861696C1174790F002D8045 /* pem.h */,
				3861696D1174790F002D8045 /* pem2.h */,
				3861696E1174790F002D8045 /* pkcs12.h */,
				3861696F1174790F002D8045 /* pkcs7.h */,
				386169701174790F002D8045 /* pq_compat.h */,
				386169711174790F002D8045 /* pqueue.h */,
				386169721174790F002D8045 /* rand.h */,
				386169731174790F002D8045 /* rc2.h */,
				386169741174790F002D8045 /* rc4.h */,
				386169751174790F002D8045 /* ripemd.h */,
				386169761174790F002D8045 /* rsa.h */,
				386169771174790F002D8045 /* safestack.h */,
				386169781174790F002D8045 /* sha.h */,
				386169791174790F002D8045 /* ssl.h */,
				3861697A1174790F002D8045 /* ssl2.h */,
				3861697B1174790F002D8045 /* ssl23.h */,
				3861697C1174790F002D8045 /* ssl3.h */,
				3861697D1174790F002D8045 /* stack.h */,
				3861697E1174790F002D8045 /* store.h */,
				3861697F1174790F002D8045 /* symhacks.h */,
				386169801174790F002D8045 /* tls1.h */,
				386169811174790F002D8045 /* tmdiff.h */,
				386169821174790F002D8045 /* txt_db.h */,
				386169831174790F002D8045 /* ui.h */,
				386169841174790F002D8045 /* ui_compat.h */,
				386169851174790F002D8045 /* x509.h */,
				386169861174790F002D8045 /* x509_vfy.h */,
				386169871174790F002D8045 /* x509v3.h */,
			);
			path = openssl;
			sourceTree = "<group>";
		};
		38C3CC261105CFF1007D72FD /* TIMongoose */ = {
			isa = PBXGroup;
			children = (
				3825B34F11748FB70062408D /* README.markdown */,
				386F4DE4112832F800FE8796 /* LICENSE */,
				38F6CB8B113190AA006F59DE /* TIMongoose.h */,
				38C3CC361105D0EB007D72FD /* TIMongooseEngine.h */,
				38C3CC371105D0EB007D72FD /* TIMongooseEngine.m */,
				38E5238C111C8F2B009052A0 /* TIMongooseRequest.h */,
				38E5238D111C8F2B009052A0 /* TIMongooseRequest.m */,
				3854A1831121883C00F9B13F /* TIMongooseResponse.h */,
				3854A1841121883C00F9B13F /* TIMongooseResponse.m */,
				38E5246F111CA53F009052A0 /* TIMongooseBasicDataProviderMethods.h */,
				385E51CB1122EC2B005CE937 /* TIMongooseDataProvider.h */,
				385E51CC1122EC2B005CE937 /* TIMongooseDataProvider.m */,
				386F4D9B11282B2300FE8796 /* TIMongooseFileBasedDataProvider.h */,
				386F4D9C11282B2300FE8796 /* TIMongooseFileBasedDataProvider.m */,
				38E7079211247BB700346F65 /* Internal */,
			);
			name = TIMongoose;
			path = ../../TIMongoose;
			sourceTree = "<group>";
		};
		38E7079211247BB700346F65 /* Internal */ = {
			isa = PBXGroup;
			children = (
				386169401174790F002D8045 /* openssl */,
				38C3CC2E1105D000007D72FD /* mongoose.c */,
				38C3CC2F1105D000007D72FD /* mongoose.h */,
				38C3CD4A1105EC08007D72FD /* TIMongooseOperation.h */,
				38C3CD4B1105EC08007D72FD /* TIMongooseOperation.m */,
				38E70725112476DD00346F65 /* NSString+TIMongooseAdditions.h */,
				38E70726112476DD00346F65 /* NSString+TIMongooseAdditions.m */,
			);
			path = Internal;
			sourceTree = "<group>";
		};
/* End PBXGroup section */

/* Begin PBXNativeTarget section */
		1D6058900D05DD3D006BFB54 /* MongooseTest */ = {
			isa = PBXNativeTarget;
			buildConfigurationList = 1D6058960D05DD3E006BFB54 /* Build configuration list for PBXNativeTarget "MongooseTest" */;
			buildPhases = (
				1D60588E0D05DD3D006BFB54 /* Sources */,
				1D60588D0D05DD3D006BFB54 /* Resources */,
				1D60588F0D05DD3D006BFB54 /* Frameworks */,
			);
			buildRules = (
			);
			dependencies = (
			);
			name = MongooseTest;
			productName = MongooseTest;
			productReference = 1D6058910D05DD3D006BFB54 /* MongooseTest.app */;
			productType = "com.apple.product-type.application";
		};
/* End PBXNativeTarget section */

/* Begin PBXProject section */
		29B97313FDCFA39411CA2CEA /* Project object */ = {
			isa = PBXProject;
			buildConfigurationList = C01FCF4E08A954540054247B /* Build configuration list for PBXProject "MongooseTest" */;
			compatibilityVersion = "Xcode 3.1";
			hasScannedForEncodings = 1;
			knownRegions = (
				English,
				Japanese,
				French,
				German,
				en,
			);
			mainGroup = 29B97314FDCFA39411CA2CEA /* CustomTemplate */;
			projectDirPath = "";
			projectRoot = "";
			targets = (
				1D6058900D05DD3D006BFB54 /* MongooseTest */,
			);
		};
/* End PBXProject section */

/* Begin PBXResourcesBuildPhase section */
		1D60588D0D05DD3D006BFB54 /* Resources */ = {
			isa = PBXResourcesBuildPhase;
			buildActionMask = 2147483647;
			files = (
				280E754D0DD40C5E005A515E /* FlipsideView.xib in Resources */,
				280E754E0DD40C5E005A515E /* MainView.xib in Resources */,
				280E754F0DD40C5E005A515E /* MainWindow.xib in Resources */,
				3854A1ED1121924D00F9B13F /* kitteh.jpg in Resources */,
				386F4D9A11282B0B00FE8796 /* index.htm in Resources */,
				386F4DF21128486D00FE8796 /* mongoo.jpg in Resources */,
				3861686011746F46002D8045 /* cert.pem in Resources */,
			);
			runOnlyForDeploymentPostprocessing = 0;
		};
/* End PBXResourcesBuildPhase section */

/* Begin PBXSourcesBuildPhase section */
		1D60588E0D05DD3D006BFB54 /* Sources */ = {
			isa = PBXSourcesBuildPhase;
			buildActionMask = 2147483647;
			files = (
				1D60589B0D05DD56006BFB54 /* main.m in Sources */,
				1D3623260D0F684500981E51 /* MongooseTestAppDelegate.m in Sources */,
				289233A60DB2D0840083E9F9 /* FlipsideView.m in Sources */,
				289233A70DB2D0840083E9F9 /* MainView.m in Sources */,
				289233AE0DB2D0DB0083E9F9 /* MainViewController.m in Sources */,
				289233B00DB2D0DB0083E9F9 /* FlipsideViewController.m in Sources */,
				38C3CC301105D000007D72FD /* mongoose.c in Sources */,
				38C3CC381105D0EB007D72FD /* TIMongooseEngine.m in Sources */,
				38C3CD4C1105EC08007D72FD /* TIMongooseOperation.m in Sources */,
				38E5238E111C8F2B009052A0 /* TIMongooseRequest.m in Sources */,
				3854A1851121883C00F9B13F /* TIMongooseResponse.m in Sources */,
				385E51CD1122EC2B005CE937 /* TIMongooseDataProvider.m in Sources */,
				385E51F41122F0F8005CE937 /* MyMongooseDataProvider.m in Sources */,
				38E70727112476DD00346F65 /* NSString+TIMongooseAdditions.m in Sources */,
				386F4D9D11282B2300FE8796 /* TIMongooseFileBasedDataProvider.m in Sources */,
			);
			runOnlyForDeploymentPostprocessing = 0;
		};
/* End PBXSourcesBuildPhase section */

/* Begin XCBuildConfiguration section */
		1D6058940D05DD3E006BFB54 /* Debug */ = {
			isa = XCBuildConfiguration;
			buildSettings = {
				ALWAYS_SEARCH_USER_PATHS = NO;
				COPY_PHASE_STRIP = NO;
				GCC_DYNAMIC_NO_PIC = NO;
				GCC_OPTIMIZATION_LEVEL = 0;
				GCC_PRECOMPILE_PREFIX_HEADER = YES;
				GCC_PREFIX_HEADER = MongooseTest_Prefix.pch;
				INFOPLIST_FILE = "MongooseTest-Info.plist";
				LIBRARY_SEARCH_PATHS = (
					"$(inherited)",
					"\"$(SRCROOT)/../../TIMongoose/Internal\"",
					"\"$(SRCROOT)\"",
				);
				PRODUCT_NAME = MongooseTest;
			};
			name = Debug;
		};
		1D6058950D05DD3E006BFB54 /* Release */ = {
			isa = XCBuildConfiguration;
			buildSettings = {
				ALWAYS_SEARCH_USER_PATHS = NO;
				COPY_PHASE_STRIP = YES;
				GCC_PRECOMPILE_PREFIX_HEADER = YES;
				GCC_PREFIX_HEADER = MongooseTest_Prefix.pch;
				INFOPLIST_FILE = "MongooseTest-Info.plist";
				LIBRARY_SEARCH_PATHS = (
					"$(inherited)",
					"\"$(SRCROOT)/../../TIMongoose/Internal\"",
					"\"$(SRCROOT)\"",
				);
				PRODUCT_NAME = MongooseTest;
			};
			name = Release;
		};
		C01FCF4F08A954540054247B /* Debug */ = {
			isa = XCBuildConfiguration;
			buildSettings = {
				ARCHS = "$(ARCHS_STANDARD_32_BIT)";
				"CODE_SIGN_IDENTITY[sdk=iphoneos*]" = "iPhone Developer";
				GCC_C_LANGUAGE_STANDARD = c99;
				GCC_WARN_ABOUT_RETURN_TYPE = YES;
				GCC_WARN_UNUSED_VARIABLE = YES;
				PREBINDING = NO;
				SDKROOT = iphoneos3.1.2;
			};
			name = Debug;
		};
		C01FCF5008A954540054247B /* Release */ = {
			isa = XCBuildConfiguration;
			buildSettings = {
				ARCHS = "$(ARCHS_STANDARD_32_BIT)";
				"CODE_SIGN_IDENTITY[sdk=iphoneos*]" = "iPhone Developer";
				GCC_C_LANGUAGE_STANDARD = c99;
				GCC_WARN_ABOUT_RETURN_TYPE = YES;
				GCC_WARN_UNUSED_VARIABLE = YES;
				PREBINDING = NO;
				SDKROOT = iphoneos3.1.2;
			};
			name = Release;
		};
/* End XCBuildConfiguration section */

/* Begin XCConfigurationList section */
		1D6058960D05DD3E006BFB54 /* Build configuration list for PBXNativeTarget "MongooseTest" */ = {
			isa = XCConfigurationList;
			buildConfigurations = (
				1D6058940D05DD3E006BFB54 /* Debug */,
				1D6058950D05DD3E006BFB54 /* Release */,
			);
			defaultConfigurationIsVisible = 0;
			defaultConfigurationName = Release;
		};
		C01FCF4E08A954540054247B /* Build configuration list for PBXProject "MongooseTest" */ = {
			isa = XCConfigurationList;
			buildConfigurations = (
				C01FCF4F08A954540054247B /* Debug */,
				C01FCF5008A954540054247B /* Release */,
			);
			defaultConfigurationIsVisible = 0;
			defaultConfigurationName = Release;
		};
/* End XCConfigurationList section */
	};
	rootObject = 29B97313FDCFA39411CA2CEA /* Project object */;
}
